{
  "name": "fabama-app",
  "lockfileVersion": 3,
  "requires": true,
  "packages": {
    "": {
      "name": "fabama-app",
      "devDependencies": {
        "@babel/standalone": "7.26.10"
      }
    },
    "node_modules/@babel/standalone": {
      "version": "7.26.10",
      "resolved": "https://registry.npmjs.org/@babel/standalone/-/standalone-7.26.10.tgz",
      "integrity": "sha512-AYXK0hLWfEaK9WAePJqs30qro09a8w7X3YZzjukqtLXreE7xBZYdi5EMrP87T4UrVqmQ9tIX6L6SeTu5LDh3zw==",
      "dev": true,
      "license": "MIT",
      "engines": {
        "node": ">=6.9.0"
      }
    }
  }
}
